
Microsoft Visual Studio Solution File, Format Version 12.00
# Visual Studio 15
VisualStudioVersion = 15.0.26124.0
MinimumVisualStudioVersion = 15.0.26124.0
Project("{2150E333-8FDC-42A3-9474-1A3956D46DE8}") = "src", "src", "{702B017F-9848-4AA4-954F-7C4005D8F583}"
EndProject
Project("{FAE04EC0-301F-11D3-BF4B-00C04F79EFBC}") = "SimpleAPI", "src\SimpleAPI\SimpleAPI.csproj", "{8CFD8A5B-CF77-4D21-B3DB-FC16B643B3E9}"
EndProject
Project("{2150E333-8FDC-42A3-9474-1A3956D46DE8}") = "test", "test", "{F3789F5E-D268-466E-B8A4-E06CFBB173F7}"
EndProject
Project("{FAE04EC0-301F-11D3-BF4B-00C04F79EFBC}") = "SimpleAPI.Tests", "test\SimpleAPI.Tests\SimpleAPI.Tests.csproj", "{52AF661A-CFE4-4AF2-B6EB-7DDBC8C56CAC}"
EndProject
Global
	GlobalSection(SolutionConfigurationPlatforms) = preSolution
		Debug|Any CPU = Debug|Any CPU
		Debug|x64 = Debug|x64
		Debug|x86 = Debug|x86
		Release|Any CPU = Release|Any CPU
		Release|x64 = Release|x64
		Release|x86 = Release|x86
	EndGlobalSection
	GlobalSection(SolutionProperties) = preSolution
		HideSolutionNode = FALSE
	EndGlobalSection
	GlobalSection(ProjectConfigurationPlatforms) = postSolution
		{8CFD8A5B-CF77-4D21-B3DB-FC16B643B3E9}.Debug|Any CPU.ActiveCfg = Debug|Any CPU
		{8CFD8A5B-CF77-4D21-B3DB-FC16B643B3E9}.Debug|Any CPU.Build.0 = Debug|Any CPU
		{8CFD8A5B-CF77-4D21-B3DB-FC16B643B3E9}.Debug|x64.ActiveCfg = Debug|Any CPU
		{8CFD8A5B-CF77-4D21-B3DB-FC16B643B3E9}.Debug|x64.Build.0 = Debug|Any CPU
		{8CFD8A5B-CF77-4D21-B3DB-FC16B643B3E9}.Debug|x86.ActiveCfg = Debug|Any CPU
		{8CFD8A5B-CF77-4D21-B3DB-FC16B643B3E9}.Debug|x86.Build.0 = Debug|Any CPU
		{8CFD8A5B-CF77-4D21-B3DB-FC16B643B3E9}.Release|Any CPU.ActiveCfg = Release|Any CPU
		{8CFD8A5B-CF77-4D21-B3DB-FC16B643B3E9}.Release|Any CPU.Build.0 = Release|Any CPU
		{8CFD8A5B-CF77-4D21-B3DB-FC16B643B3E9}.Release|x64.ActiveCfg = Release|Any CPU
		{8CFD8A5B-CF77-4D21-B3DB-FC16B643B3E9}.Release|x64.Build.0 = Release|Any CPU
		{8CFD8A5B-CF77-4D21-B3DB-FC16B643B3E9}.Release|x86.ActiveCfg = Release|Any CPU
		{8CFD8A5B-CF77-4D21-B3DB-FC16B643B3E9}.Release|x86.Build.0 = Release|Any CPU
		{52AF661A-CFE4-4AF2-B6EB-7DDBC8C56CAC}.Debug|Any CPU.ActiveCfg = Debug|Any CPU
		{52AF661A-CFE4-4AF2-B6EB-7DDBC8C56CAC}.Debug|Any CPU.Build.0 = Debug|Any CPU
		{52AF661A-CFE4-4AF2-B6EB-7DDBC8C56CAC}.Debug|x64.ActiveCfg = Debug|Any CPU
		{52AF661A-CFE4-4AF2-B6EB-7DDBC8C56CAC}.Debug|x64.Build.0 = Debug|Any CPU
		{52AF661A-CFE4-4AF2-B6EB-7DDBC8C56CAC}.Debug|x86.ActiveCfg = Debug|Any CPU
		{52AF661A-CFE4-4AF2-B6EB-7DDBC8C56CAC}.Debug|x86.Build.0 = Debug|Any CPU
		{52AF661A-CFE4-4AF2-B6EB-7DDBC8C56CAC}.Release|Any CPU.ActiveCfg = Release|Any CPU
		{52AF661A-CFE4-4AF2-B6EB-7DDBC8C56CAC}.Release|Any CPU.Build.0 = Release|Any CPU
		{52AF661A-CFE4-4AF2-B6EB-7DDBC8C56CAC}.Release|x64.ActiveCfg = Release|Any CPU
		{52AF661A-CFE4-4AF2-B6EB-7DDBC8C56CAC}.Release|x64.Build.0 = Release|Any CPU
		{52AF661A-CFE4-4AF2-B6EB-7DDBC8C56CAC}.Release|x86.ActiveCfg = Release|Any CPU
		{52AF661A-CFE4-4AF2-B6EB-7DDBC8C56CAC}.Release|x86.Build.0 = Release|Any CPU
	EndGlobalSection
	GlobalSection(NestedProjects) = preSolution
		{8CFD8A5B-CF77-4D21-B3DB-FC16B643B3E9} = {702B017F-9848-4AA4-954F-7C4005D8F583}
		{52AF661A-CFE4-4AF2-B6EB-7DDBC8C56CAC} = {F3789F5E-D268-466E-B8A4-E06CFBB173F7}
	EndGlobalSection
EndGlobal
